{
  "name": "ZUR",
  "lockfileVersion": 3,
  "requires": true,
  "packages": {
    "": {
      "dependencies": {
        "@photo-sphere-viewer/autorotate-plugin": "^5.13.2"
      }
    },
    "node_modules/@photo-sphere-viewer/autorotate-plugin": {
      "version": "5.13.2",
      "resolved": "https://registry.npmjs.org/@photo-sphere-viewer/autorotate-plugin/-/autorotate-plugin-5.13.2.tgz",
      "integrity": "sha512-UBPneuJU+mEqqxox318r893Xbl8m5AvKuJ/Fmc6v4tYHUXQ/nA/q3R80gBRQxqllHnTM6xCiU41Op/1Bv0r7qA==",
      "license": "MIT",
      "peerDependencies": {
        "@photo-sphere-viewer/core": "5.13.2"
      }
    },
    "node_modules/@photo-sphere-viewer/core": {
      "version": "5.13.2",
      "resolved": "https://registry.npmjs.org/@photo-sphere-viewer/core/-/core-5.13.2.tgz",
      "integrity": "sha512-rL4Ey39Prx4Iyxt1f2tAqlXvqu4/ovXfUvIpLt540OpZJiFjWccs6qLywof9vuhBJ7PXHudHWCjRPce0W8kx8w==",
      "license": "MIT",
      "peer": true,
      "dependencies": {
        "three": "^0.175.0"
      }
    },
    "node_modules/three": {
      "version": "0.175.0",
      "resolved": "https://registry.npmjs.org/three/-/three-0.175.0.tgz",
      "integrity": "sha512-nNE3pnTHxXN/Phw768u0Grr7W4+rumGg/H6PgeseNJojkJtmeHJfZWi41Gp2mpXl1pg1pf1zjwR4McM1jTqkpg==",
      "license": "MIT",
      "peer": true
    }
  }
}
